// !$*UTF8*$!
{
	archiveVersion = 1;
	classes = {
	};
	objectVersion = 77;
	objects = {

/* Begin PBXBuildFile section */
		241FECD92FC31F4500F5E35F /* RevenueCat in Frameworks */ = {isa = PBXBuildFile; productRef = 24ABCABC0100000100000002 /* RevenueCat */; };
		241FECDA2FC31F4500F5E35F /* RevenueCatUI in Frameworks */ = {isa = PBXBuildFile; productRef = 24ABCABC0100000100000003 /* RevenueCatUI */; };
		24AB16C02FC0F0A200F1566A /* Headache Widgets.appex in Embed App Extensions */ = {isa = PBXBuildFile; fileRef = 24AB16B02FC0EBED00F1566A /* Headache Widgets.appex */; settings = {ATTRIBUTES = (RemoveHeadersOnCopy, ); }; };
/* End PBXBuildFile section */

/* Begin PBXContainerItemProxy section */
		241FE94D2FC24D7500F5E35F /* PBXContainerItemProxy */ = {
			isa = PBXContainerItemProxy;
			containerPortal = 24AB168E2FC0AD7600F1566A /* Project object */;
			proxyType = 1;
			remoteGlobalIDString = 24AB16B22FC0EBED00F1566A;
			remoteInfo = "Headache Widgets";
		};
/* End PBXContainerItemProxy section */

/* Begin PBXCopyFilesBuildPhase section */
		24AB16C12FC0F0A200F1566A /* Embed App Extensions */ = {
			isa = PBXCopyFilesBuildPhase;
			buildActionMask = 2147483647;
			dstPath = "";
			dstSubfolderSpec = 13;
			files = (
				24AB16C02FC0F0A200F1566A /* Headache Widgets.appex in Embed App Extensions */,
			);
			name = "Embed App Extensions";
			runOnlyForDeploymentPostprocessing = 0;
		};
/* End PBXCopyFilesBuildPhase section */

/* Begin PBXFileReference section */
		24AB16962FC0AD7600F1566A /* Headache Detective.app */ = {isa = PBXFileReference; explicitFileType = wrapper.application; includeInIndex = 0; path = "Headache Detective.app"; sourceTree = BUILT_PRODUCTS_DIR; };
		24AB16B02FC0EBED00F1566A /* Headache Widgets.appex */ = {isa = PBXFileReference; explicitFileType = "wrapper.app-extension"; includeInIndex = 0; path = "Headache Widgets.appex"; sourceTree = BUILT_PRODUCTS_DIR; };
		24AB16D02FC0F0A200F1566A /* WidgetInfo.plist */ = {isa = PBXFileReference; lastKnownFileType = text.plist.xml; path = WidgetInfo.plist; sourceTree = "<group>"; };
		24AB16D12FC0F0A200F1566C /* Headache Detective.entitlements */ = {isa = PBXFileReference; lastKnownFileType = text.plist.entitlements; path = "Headache Detective.entitlements"; sourceTree = "<group>"; };
		24ABCABC0100000100000004 /* Storekit.storekit */ = {isa = PBXFileReference; lastKnownFileType = text.json; path = Storekit.storekit; sourceTree = "<group>"; };
/* End PBXFileReference section */

/* Begin PBXFileSystemSynchronizedRootGroup section */
		24AB16982FC0AD7600F1566A /* Headache Detective */ = {
			isa = PBXFileSystemSynchronizedRootGroup;
			path = "Headache Detective";
			sourceTree = "<group>";
		};
		24AB16B12FC0EBED00F1566A /* Widgets */ = {
			isa = PBXFileSystemSynchronizedRootGroup;
			path = Widgets;
			sourceTree = "<group>";
		};
/* End PBXFileSystemSynchronizedRootGroup section */

/* Begin PBXFrameworksBuildPhase section */
		24AB16932FC0AD7600F1566A /* Frameworks */ = {
			isa = PBXFrameworksBuildPhase;
			buildActionMask = 2147483647;
			files = (
				241FECDA2FC31F4500F5E35F /* RevenueCatUI in Frameworks */,
				241FECD92FC31F4500F5E35F /* RevenueCat in Frameworks */,
			);
			runOnlyForDeploymentPostprocessing = 0;
		};
		24AB16B42FC0EBED00F1566A /* Frameworks */ = {
			isa = PBXFrameworksBuildPhase;
			buildActionMask = 2147483647;
			files = (
			);
			runOnlyForDeploymentPostprocessing = 0;
		};
/* End PBXFrameworksBuildPhase section */

/* Begin PBXGroup section */
		24AB168D2FC0AD7600F1566A = {
			isa = PBXGroup;
			children = (
				24AB16982FC0AD7600F1566A /* Headache Detective */,
				24AB16B12FC0EBED00F1566A /* Widgets */,
				24AB16D02FC0F0A200F1566A /* WidgetInfo.plist */,
				24AB16D12FC0F0A200F1566C /* Headache Detective.entitlements */,
				24ABCABC0100000100000004 /* Storekit.storekit */,
				24AB16972FC0AD7600F1566A /* Products */,
			);
			sourceTree = "<group>";
		};
		24AB16972FC0AD7600F1566A /* Products */ = {
			isa = PBXGroup;
			children = (
				24AB16962FC0AD7600F1566A /* Headache Detective.app */,
				24AB16B02FC0EBED00F1566A /* Headache Widgets.appex */,
			);
			name = Products;
			sourceTree = "<group>";
		};
/* End PBXGroup section */

/* Begin PBXNativeTarget section */
		24AB16952FC0AD7600F1566A /* Headache Detective */ = {
			isa = PBXNativeTarget;
			buildConfigurationList = 24AB16A32FC0AD7800F1566A /* Build configuration list for PBXNativeTarget "Headache Detective" */;
			buildPhases = (
				24AB16922FC0AD7600F1566A /* Sources */,
				24AB16932FC0AD7600F1566A /* Frameworks */,
				24AB16942FC0AD7600F1566A /* Resources */,
				24AB16C12FC0F0A200F1566A /* Embed App Extensions */,
			);
			buildRules = (
			);
			dependencies = (
				24AB16C22FC0F0A200F1566A /* PBXTargetDependency */,
			);
			fileSystemSynchronizedGroups = (
				24AB16982FC0AD7600F1566A /* Headache Detective */,
			);
			name = "Headache Detective";
			packageProductDependencies = (
				24ABCABC0100000100000002 /* RevenueCat */,
				24ABCABC0100000100000003 /* RevenueCatUI */,
			);
			productName = "Headache Detective";
			productReference = 24AB16962FC0AD7600F1566A /* Headache Detective.app */;
			productType = "com.apple.product-type.application";
		};
		24AB16B22FC0EBED00F1566A /* Headache Widgets */ = {
			isa = PBXNativeTarget;
			buildConfigurationList = 24AB16B62FC0EBED00F1566A /* Build configuration list for PBXNativeTarget "Headache Widgets" */;
			buildPhases = (
				24AB16B32FC0EBED00F1566A /* Sources */,
				24AB16B42FC0EBED00F1566A /* Frameworks */,
				24AB16B52FC0EBED00F1566A /* Resources */,
			);
			buildRules = (
			);
			dependencies = (
			);
			fileSystemSynchronizedGroups = (
				24AB16B12FC0EBED00F1566A /* Widgets */,
			);
			name = "Headache Widgets";
			packageProductDependencies = (
			);
			productName = "Headache Widgets";
			productReference = 24AB16B02FC0EBED00F1566A /* Headache Widgets.appex */;
			productType = "com.apple.product-type.app-extension";
		};
/* End PBXNativeTarget section */

/* Begin PBXProject section */
		24AB168E2FC0AD7600F1566A /* Project object */ = {
			isa = PBXProject;
			attributes = {
				BuildIndependentTargetsInParallel = 1;
				LastSwiftUpdateCheck = 2650;
				LastUpgradeCheck = 2650;
				TargetAttributes = {
					24AB16952FC0AD7600F1566A = {
						CreatedOnToolsVersion = 26.5;
					};
					24AB16B22FC0EBED00F1566A = {
						CreatedOnToolsVersion = 26.5;
					};
				};
			};
			buildConfigurationList = 24AB16912FC0AD7600F1566A /* Build configuration list for PBXProject "Headache Detective" */;
			developmentRegion = en;
			hasScannedForEncodings = 0;
			knownRegions = (
				en,
				Base,
			);
			mainGroup = 24AB168D2FC0AD7600F1566A;
			minimizedProjectReferenceProxies = 1;
			packageReferences = (
				24ABCABC0100000100000001 /* XCRemoteSwiftPackageReference "purchases-ios-spm" */,
			);
			preferredProjectObjectVersion = 77;
			productRefGroup = 24AB16972FC0AD7600F1566A /* Products */;
			projectDirPath = "";
			projectRoot = "";
			targets = (
				24AB16952FC0AD7600F1566A /* Headache Detective */,
				24AB16B22FC0EBED00F1566A /* Headache Widgets */,
			);
		};
/* End PBXProject section */

/* Begin PBXResourcesBuildPhase section */
		24AB16942FC0AD7600F1566A /* Resources */ = {
			isa = PBXResourcesBuildPhase;
			buildActionMask = 2147483647;
			files = (
			);
			runOnlyForDeploymentPostprocessing = 0;
		};
		24AB16B52FC0EBED00F1566A /* Resources */ = {
			isa = PBXResourcesBuildPhase;
			buildActionMask = 2147483647;
			files = (
			);
			runOnlyForDeploymentPostprocessing = 0;
		};
/* End PBXResourcesBuildPhase section */

/* Begin PBXSourcesBuildPhase section */
		24AB16922FC0AD7600F1566A /* Sources */ = {
			isa = PBXSourcesBuildPhase;
			buildActionMask = 2147483647;
			files = (
			);
			runOnlyForDeploymentPostprocessing = 0;
		};
		24AB16B32FC0EBED00F1566A /* Sources */ = {
			isa = PBXSourcesBuildPhase;
			buildActionMask = 2147483647;
			files = (
			);
			runOnlyForDeploymentPostprocessing = 0;
		};
/* End PBXSourcesBuildPhase section */

/* Begin PBXTargetDependency section */
		24AB16C22FC0F0A200F1566A /* PBXTargetDependency */ = {
			isa = PBXTargetDependency;
			target = 24AB16B22FC0EBED00F1566A /* Headache Widgets */;
			targetProxy = 241FE94D2FC24D7500F5E35F /* PBXContainerItemProxy */;
		};
/* End PBXTargetDependency section */

/* Begin XCBuildConfiguration section */
		24AB16A12FC0AD7800F1566A /* Debug */ = {
			isa = XCBuildConfiguration;
			buildSettings = {
				ALWAYS_SEARCH_USER_PATHS = NO;
				ASSETCATALOG_COMPILER_GENERATE_SWIFT_ASSET_SYMBOL_EXTENSIONS = YES;
				CLANG_ANALYZER_NONNULL = YES;
				CLANG_ANALYZER_NUMBER_OBJECT_CONVERSION = YES_AGGRESSIVE;
				CLANG_CXX_LANGUAGE_STANDARD = "gnu++20";
				CLANG_ENABLE_MODULES = YES;
				CLANG_ENABLE_OBJC_ARC = YES;
				CLANG_ENABLE_OBJC_WEAK = YES;
				CLANG_WARN_BLOCK_CAPTURE_AUTORELEASING = YES;
				CLANG_WARN_BOOL_CONVERSION = YES;
				CLANG_WARN_COMMA = YES;
				CLANG_WARN_CONSTANT_CONVERSION = YES;
				CLANG_WARN_DEPRECATED_OBJC_IMPLEMENTATIONS = YES;
				CLANG_WARN_DIRECT_OBJC_ISA_USAGE = YES_ERROR;
				CLANG_WARN_DOCUMENTATION_COMMENTS = YES;
				CLANG_WARN_EMPTY_BODY = YES;
				CLANG_WARN_ENUM_CONVERSION = YES;
				CLANG_WARN_INFINITE_RECURSION = YES;
				CLANG_WARN_INT_CONVERSION = YES;
				CLANG_WARN_NON_LITERAL_NULL_CONVERSION = YES;
				CLANG_WARN_OBJC_IMPLICIT_RETAIN_SELF = YES;
				CLANG_WARN_OBJC_LITERAL_CONVERSION = YES;
				CLANG_WARN_OBJC_ROOT_CLASS = YES_ERROR;
				CLANG_WARN_QUOTED_INCLUDE_IN_FRAMEWORK_HEADER = YES;
				CLANG_WARN_RANGE_LOOP_ANALYSIS = YES;
				CLANG_WARN_STRICT_PROTOTYPES = YES;
				CLANG_WARN_SUSPICIOUS_MOVE = YES;
				CLANG_WARN_UNGUARDED_AVAILABILITY = YES_AGGRESSIVE;
				CLANG_WARN_UNREACHABLE_CODE = YES;
				CLANG_WARN__DUPLICATE_METHOD_MATCH = YES;
				COPY_PHASE_STRIP = NO;
				DEBUG_INFORMATION_FORMAT = dwarf;
				DEVELOPMENT_TEAM = ZC82Y59CXU;
				ENABLE_STRICT_OBJC_MSGSEND = YES;
				ENABLE_TESTABILITY = YES;
				ENABLE_USER_SCRIPT_SANDBOXING = YES;
				GCC_C_LANGUAGE_STANDARD = gnu17;
				GCC_DYNAMIC_NO_PIC = NO;
				GCC_NO_COMMON_BLOCKS = YES;
				GCC_OPTIMIZATION_LEVEL = 0;
				GCC_PREPROCESSOR_DEFINITIONS = (
					"DEBUG=1",
					"$(inherited)",
				);
				GCC_WARN_64_TO_32_BIT_CONVERSION = YES;
				GCC_WARN_ABOUT_RETURN_TYPE = YES_ERROR;
				GCC_WARN_UNDECLARED_SELECTOR = YES;
				GCC_WARN_UNINITIALIZED_AUTOS = YES_AGGRESSIVE;
				GCC_WARN_UNUSED_FUNCTION = YES;
				GCC_WARN_UNUSED_VARIABLE = YES;
				IPHONEOS_DEPLOYMENT_TARGET = 16.0;
				LOCALIZATION_PREFERS_STRING_CATALOGS = YES;
				MTL_ENABLE_DEBUG_INFO = INCLUDE_SOURCE;
				MTL_FAST_MATH = YES;
				ONLY_ACTIVE_ARCH = YES;
				SDKROOT = iphoneos;
				SWIFT_ACTIVE_COMPILATION_CONDITIONS = "DEBUG $(inherited)";
				SWIFT_OPTIMIZATION_LEVEL = "-Onone";
			};
			name = Debug;
		};
		24AB16A22FC0AD7800F1566A /* Release */ = {
			isa = XCBuildConfiguration;
			buildSettings = {
				ALWAYS_SEARCH_USER_PATHS = NO;
				ASSETCATALOG_COMPILER_GENERATE_SWIFT_ASSET_SYMBOL_EXTENSIONS = YES;
				CLANG_ANALYZER_NONNULL = YES;
				CLANG_ANALYZER_NUMBER_OBJECT_CONVERSION = YES_AGGRESSIVE;
				CLANG_CXX_LANGUAGE_STANDARD = "gnu++20";
				CLANG_ENABLE_MODULES = YES;
				CLANG_ENABLE_OBJC_ARC = YES;
				CLANG_ENABLE_OBJC_WEAK = YES;
				CLANG_WARN_BLOCK_CAPTURE_AUTORELEASING = YES;
				CLANG_WARN_BOOL_CONVERSION = YES;
				CLANG_WARN_COMMA = YES;
				CLANG_WARN_CONSTANT_CONVERSION = YES;
				CLANG_WARN_DEPRECATED_OBJC_IMPLEMENTATIONS = YES;
				CLANG_WARN_DIRECT_OBJC_ISA_USAGE = YES_ERROR;
				CLANG_WARN_DOCUMENTATION_COMMENTS = YES;
				CLANG_WARN_EMPTY_BODY = YES;
				CLANG_WARN_ENUM_CONVERSION = YES;
				CLANG_WARN_INFINITE_RECURSION = YES;
				CLANG_WARN_INT_CONVERSION = YES;
				CLANG_WARN_NON_LITERAL_NULL_CONVERSION = YES;
				CLANG_WARN_OBJC_IMPLICIT_RETAIN_SELF = YES;
				CLANG_WARN_OBJC_LITERAL_CONVERSION = YES;
				CLANG_WARN_OBJC_ROOT_CLASS = YES_ERROR;
				CLANG_WARN_QUOTED_INCLUDE_IN_FRAMEWORK_HEADER = YES;
				CLANG_WARN_RANGE_LOOP_ANALYSIS = YES;
				CLANG_WARN_STRICT_PROTOTYPES = YES;
				CLANG_WARN_SUSPICIOUS_MOVE = YES;
				CLANG_WARN_UNGUARDED_AVAILABILITY = YES_AGGRESSIVE;
				CLANG_WARN_UNREACHABLE_CODE = YES;
				CLANG_WARN__DUPLICATE_METHOD_MATCH = YES;
				COPY_PHASE_STRIP = NO;
				DEBUG_INFORMATION_FORMAT = "dwarf-with-dsym";
				DEVELOPMENT_TEAM = ZC82Y59CXU;
				ENABLE_NS_ASSERTIONS = NO;
				ENABLE_STRICT_OBJC_MSGSEND = YES;
				ENABLE_USER_SCRIPT_SANDBOXING = YES;
				GCC_C_LANGUAGE_STANDARD = gnu17;
				GCC_NO_COMMON_BLOCKS = YES;
				GCC_WARN_64_TO_32_BIT_CONVERSION = YES;
				GCC_WARN_ABOUT_RETURN_TYPE = YES_ERROR;
				GCC_WARN_UNDECLARED_SELECTOR = YES;
				GCC_WARN_UNINITIALIZED_AUTOS = YES_AGGRESSIVE;
				GCC_WARN_UNUSED_FUNCTION = YES;
				GCC_WARN_UNUSED_VARIABLE = YES;
				IPHONEOS_DEPLOYMENT_TARGET = 16.0;
				LOCALIZATION_PREFERS_STRING_CATALOGS = YES;
				MTL_ENABLE_DEBUG_INFO = NO;
				MTL_FAST_MATH = YES;
				SDKROOT = iphoneos;
				SWIFT_COMPILATION_MODE = wholemodule;
				VALIDATE_PRODUCT = YES;
			};
			name = Release;
		};
		24AB16A42FC0AD7800F1566A /* Debug */ = {
			isa = XCBuildConfiguration;
			buildSettings = {
				ASSETCATALOG_COMPILER_APPICON_NAME = AppIcon;
				ASSETCATALOG_COMPILER_GLOBAL_ACCENT_COLOR_NAME = AccentColor;
				CODE_SIGN_ENTITLEMENTS = "Headache Detective/Headache Detective.entitlements";
				CODE_SIGN_STYLE = Automatic;
				CURRENT_PROJECT_VERSION = 5;
				DEVELOPMENT_TEAM = ZC82Y59CXU;
				ENABLE_PREVIEWS = YES;
				GENERATE_INFOPLIST_FILE = YES;
				INFOPLIST_KEY_CFBundleURLTypes = "{\n    CFBundleURLName = \"Headache-Detective.Headache-Detective\";\n    CFBundleURLSchemes =     (\n        \"headache-detective\"\n    );\n}";
				INFOPLIST_KEY_NSHealthShareUsageDescription = "Headache Detective writes your headache data to Health so you can track it alongside other health metrics.";
				INFOPLIST_KEY_NSHealthUpdateUsageDescription = "Headache Detective needs to save headache entries to your Health app for comprehensive tracking.";
				INFOPLIST_KEY_UIApplicationSceneManifest_Generation = YES;
				INFOPLIST_KEY_UIApplicationSupportsIndirectInputEvents = YES;
				INFOPLIST_KEY_UILaunchScreen_Generation = YES;
				INFOPLIST_KEY_UISupportedInterfaceOrientations_iPad = "UIInterfaceOrientationPortrait UIInterfaceOrientationPortraitUpsideDown UIInterfaceOrientationLandscapeLeft UIInterfaceOrientationLandscapeRight";
				INFOPLIST_KEY_UISupportedInterfaceOrientations_iPhone = "UIInterfaceOrientationPortrait UIInterfaceOrientationLandscapeLeft UIInterfaceOrientationLandscapeRight";
				LD_RUNPATH_SEARCH_PATHS = (
					"$(inherited)",
					"@executable_path/Frameworks",
				);
				MARKETING_VERSION = 1.3;
				PRODUCT_BUNDLE_IDENTIFIER = "Headache-Detective.Headache-Detective";
				PRODUCT_NAME = "$(TARGET_NAME)";
				STRING_CATALOG_GENERATE_SYMBOLS = YES;
				SWIFT_APPROACHABLE_CONCURRENCY = YES;
				SWIFT_DEFAULT_ACTOR_ISOLATION = MainActor;
				SWIFT_EMIT_LOC_STRINGS = YES;
				SWIFT_UPCOMING_FEATURE_MEMBER_IMPORT_VISIBILITY = YES;
				SWIFT_VERSION = 5.0;
				TARGETED_DEVICE_FAMILY = "1,2";
			};
			name = Debug;
		};
		24AB16A52FC0AD7800F1566A /* Release */ = {
			isa = XCBuildConfiguration;
			buildSettings = {
				ASSETCATALOG_COMPILER_APPICON_NAME = AppIcon;
				ASSETCATALOG_COMPILER_GLOBAL_ACCENT_COLOR_NAME = AccentColor;
				CODE_SIGN_ENTITLEMENTS = "Headache Detective/Headache Detective.entitlements";
				CODE_SIGN_STYLE = Automatic;
				CURRENT_PROJECT_VERSION = 5;
				DEVELOPMENT_TEAM = ZC82Y59CXU;
				ENABLE_PREVIEWS = YES;
				GENERATE_INFOPLIST_FILE = YES;
				INFOPLIST_KEY_CFBundleURLTypes = "{\n    CFBundleURLName = \"Headache-Detective.Headache-Detective\";\n    CFBundleURLSchemes =     (\n        \"headache-detective\"\n    );\n}";
				INFOPLIST_KEY_NSHealthShareUsageDescription = "Headache Detective writes your headache data to Health so you can track it alongside other health metrics.";
				INFOPLIST_KEY_NSHealthUpdateUsageDescription = "Headache Detective needs to save headache entries to your Health app for comprehensive tracking.";
				INFOPLIST_KEY_UIApplicationSceneManifest_Generation = YES;
				INFOPLIST_KEY_UIApplicationSupportsIndirectInputEvents = YES;
				INFOPLIST_KEY_UILaunchScreen_Generation = YES;
				INFOPLIST_KEY_UISupportedInterfaceOrientations_iPad = "UIInterfaceOrientationPortrait UIInterfaceOrientationPortraitUpsideDown UIInterfaceOrientationLandscapeLeft UIInterfaceOrientationLandscapeRight";
				INFOPLIST_KEY_UISupportedInterfaceOrientations_iPhone = "UIInterfaceOrientationPortrait UIInterfaceOrientationLandscapeLeft UIInterfaceOrientationLandscapeRight";
				LD_RUNPATH_SEARCH_PATHS = (
					"$(inherited)",
					"@executable_path/Frameworks",
				);
				MARKETING_VERSION = 1.3;
				PRODUCT_BUNDLE_IDENTIFIER = "Headache-Detective.Headache-Detective";
				PRODUCT_NAME = "$(TARGET_NAME)";
				STRING_CATALOG_GENERATE_SYMBOLS = YES;
				SWIFT_APPROACHABLE_CONCURRENCY = YES;
				SWIFT_DEFAULT_ACTOR_ISOLATION = MainActor;
				SWIFT_EMIT_LOC_STRINGS = YES;
				SWIFT_UPCOMING_FEATURE_MEMBER_IMPORT_VISIBILITY = YES;
				SWIFT_VERSION = 5.0;
				TARGETED_DEVICE_FAMILY = "1,2";
			};
			name = Release;
		};
		24AB16B72FC0EBED00F1566A /* Debug */ = {
			isa = XCBuildConfiguration;
			buildSettings = {
				ASSETCATALOG_COMPILER_GLOBAL_ACCENT_COLOR_NAME = AccentColor;
				CODE_SIGN_STYLE = Automatic;
				CURRENT_PROJECT_VERSION = 5;
				DEVELOPMENT_TEAM = ZC82Y59CXU;
				GENERATE_INFOPLIST_FILE = NO;
				INFOPLIST_FILE = WidgetInfo.plist;
				IPHONEOS_DEPLOYMENT_TARGET = 16.0;
				LD_RUNPATH_SEARCH_PATHS = (
					"$(inherited)",
					"@executable_path/Frameworks",
					"@executable_path/../../Frameworks",
				);
				MARKETING_VERSION = 1.3;
				PRODUCT_BUNDLE_IDENTIFIER = "Headache-Detective.Headache-Detective.widgets";
				PRODUCT_NAME = "$(TARGET_NAME)";
				SKIP_INSTALL = YES;
				SWIFT_EMIT_LOC_STRINGS = YES;
				SWIFT_VERSION = 5.0;
				TARGETED_DEVICE_FAMILY = "1,2";
			};
			name = Debug;
		};
		24AB16B82FC0EBED00F1566A /* Release */ = {
			isa = XCBuildConfiguration;
			buildSettings = {
				ASSETCATALOG_COMPILER_GLOBAL_ACCENT_COLOR_NAME = AccentColor;
				CODE_SIGN_STYLE = Automatic;
				CURRENT_PROJECT_VERSION = 5;
				DEVELOPMENT_TEAM = ZC82Y59CXU;
				GENERATE_INFOPLIST_FILE = NO;
				INFOPLIST_FILE = WidgetInfo.plist;
				IPHONEOS_DEPLOYMENT_TARGET = 16.0;
				LD_RUNPATH_SEARCH_PATHS = (
					"$(inherited)",
					"@executable_path/Frameworks",
					"@executable_path/../../Frameworks",
				);
				MARKETING_VERSION = 1.3;
				PRODUCT_BUNDLE_IDENTIFIER = "Headache-Detective.Headache-Detective.widgets";
				PRODUCT_NAME = "$(TARGET_NAME)";
				SKIP_INSTALL = YES;
				SWIFT_EMIT_LOC_STRINGS = YES;
				SWIFT_VERSION = 5.0;
				TARGETED_DEVICE_FAMILY = "1,2";
			};
			name = Release;
		};
/* End XCBuildConfiguration section */

/* Begin XCConfigurationList section */
		24AB16912FC0AD7600F1566A /* Build configuration list for PBXProject "Headache Detective" */ = {
			isa = XCConfigurationList;
			buildConfigurations = (
				24AB16A12FC0AD7800F1566A /* Debug */,
				24AB16A22FC0AD7800F1566A /* Release */,
			);
			defaultConfigurationIsVisible = 0;
			defaultConfigurationName = Release;
		};
		24AB16A32FC0AD7800F1566A /* Build configuration list for PBXNativeTarget "Headache Detective" */ = {
			isa = XCConfigurationList;
			buildConfigurations = (
				24AB16A42FC0AD7800F1566A /* Debug */,
				24AB16A52FC0AD7800F1566A /* Release */,
			);
			defaultConfigurationIsVisible = 0;
			defaultConfigurationName = Release;
		};
		24AB16B62FC0EBED00F1566A /* Build configuration list for PBXNativeTarget "Headache Widgets" */ = {
			isa = XCConfigurationList;
			buildConfigurations = (
				24AB16B72FC0EBED00F1566A /* Debug */,
				24AB16B82FC0EBED00F1566A /* Release */,
			);
			defaultConfigurationIsVisible = 0;
			defaultConfigurationName = Release;
		};
/* End XCConfigurationList section */

/* Begin XCRemoteSwiftPackageReference section */
		24ABCABC0100000100000001 /* XCRemoteSwiftPackageReference "purchases-ios-spm" */ = {
			isa = XCRemoteSwiftPackageReference;
			repositoryURL = "https://github.com/RevenueCat/purchases-ios-spm.git";
			requirement = {
				kind = upToNextMajorVersion;
				minimumVersion = 5.0.0;
			};
		};
/* End XCRemoteSwiftPackageReference section */

/* Begin XCSwiftPackageProductDependency section */
		24ABCABC0100000100000002 /* RevenueCat */ = {
			isa = XCSwiftPackageProductDependency;
			package = 24ABCABC0100000100000001 /* XCRemoteSwiftPackageReference "purchases-ios-spm" */;
			productName = RevenueCat;
		};
		24ABCABC0100000100000003 /* RevenueCatUI */ = {
			isa = XCSwiftPackageProductDependency;
			package = 24ABCABC0100000100000001 /* XCRemoteSwiftPackageReference "purchases-ios-spm" */;
			productName = RevenueCatUI;
		};
/* End XCSwiftPackageProductDependency section */
	};
	rootObject = 24AB168E2FC0AD7600F1566A /* Project object */;
}
